// !$*UTF8*$!
{
	archiveVersion = 1;
	classes = {
	};
	objectVersion = 50;
	objects = {

/* Begin PBXBuildFile section */
		4136221A262ABB23006AEF53 /* UsageController.swift in Sources */ = {isa = PBXBuildFile; fileRef = 41362219262ABB23006AEF53 /* UsageController.swift */; };
		414189302621AAD700CB7A3C /* Clipboard.swift in Sources */ = {isa = PBXBuildFile; fileRef = 4141892F2621AAD700CB7A3C /* Clipboard.swift */; };
		414189342621AC5800CB7A3C /* Analyzers.swift in Sources */ = {isa = PBXBuildFile; fileRef = 414189332621AC5800CB7A3C /* Analyzers.swift */; };
		4176904E2625F4FC0025A239 /* AppDelegate.swift in Sources */ = {isa = PBXBuildFile; fileRef = 4176904D2625F4FC0025A239 /* AppDelegate.swift */; };
		417690522625F4FD0025A239 /* Assets.xcassets in Resources */ = {isa = PBXBuildFile; fileRef = 417690512625F4FD0025A239 /* Assets.xcassets */; };
		417690552625F4FD0025A239 /* Main.storyboard in Resources */ = {isa = PBXBuildFile; fileRef = 417690532625F4FD0025A239 /* Main.storyboard */; };
		418D4C8F26219CFD005FB14A /* AppDelegate.swift in Sources */ = {isa = PBXBuildFile; fileRef = 418D4C8E26219CFD005FB14A /* AppDelegate.swift */; };
		418D4C9326219D00005FB14A /* Assets.xcassets in Resources */ = {isa = PBXBuildFile; fileRef = 418D4C9226219D00005FB14A /* Assets.xcassets */; };
		418D4C9626219D00005FB14A /* Main.storyboard in Resources */ = {isa = PBXBuildFile; fileRef = 418D4C9426219D00005FB14A /* Main.storyboard */; };
		41C1E942262A955200994511 /* QuickZoomHelper.app in CopyFiles */ = {isa = PBXBuildFile; fileRef = 4176904B2625F4FC0025A239 /* QuickZoomHelper.app */; settings = {ATTRIBUTES = (RemoveHeadersOnCopy, ); }; };
		41D53D69262AF06700B46399 /* preview.gif in Resources */ = {isa = PBXBuildFile; fileRef = 41D53D68262AF06700B46399 /* preview.gif */; };
		41EBAF892621B66200DD2CDC /* Extension+.swift in Sources */ = {isa = PBXBuildFile; fileRef = 41EBAF882621B66200DD2CDC /* Extension+.swift */; };
		41EBAF8F2621C7B600DD2CDC /* AppStore.swift in Sources */ = {isa = PBXBuildFile; fileRef = 41EBAF8E2621C7B600DD2CDC /* AppStore.swift */; };
		41EBAF922621D99000DD2CDC /* About.swift in Sources */ = {isa = PBXBuildFile; fileRef = 41EBAF912621D99000DD2CDC /* About.swift */; };
		41EBAF9826231B7F00DD2CDC /* Alert.swift in Sources */ = {isa = PBXBuildFile; fileRef = 41EBAF9726231B7F00DD2CDC /* Alert.swift */; };
		41EBAF9D2625DCD800DD2CDC /* Const.swift in Sources */ = {isa = PBXBuildFile; fileRef = 41EBAF9C2625DCD800DD2CDC /* Const.swift */; };
		41EBB0B52625F36D00DD2CDC /* ServiceManagement.framework in Frameworks */ = {isa = PBXBuildFile; fileRef = 41EBB0B42625F36D00DD2CDC /* ServiceManagement.framework */; };
/* End PBXBuildFile section */

/* Begin PBXCopyFilesBuildPhase section */
		41EBAFBC2625EDCE00DD2CDC /* Embed App Extensions */ = {
			isa = PBXCopyFilesBuildPhase;
			buildActionMask = 2147483647;
			dstPath = "";
			dstSubfolderSpec = 13;
			files = (
			);
			name = "Embed App Extensions";
			runOnlyForDeploymentPostprocessing = 0;
		};
		41EBB0B22625F31A00DD2CDC /* CopyFiles */ = {
			isa = PBXCopyFilesBuildPhase;
			buildActionMask = 2147483647;
			dstPath = Contents/Library/LoginItems;
			dstSubfolderSpec = 1;
			files = (
				41C1E942262A955200994511 /* QuickZoomHelper.app in CopyFiles */,
			);
			runOnlyForDeploymentPostprocessing = 0;
		};
/* End PBXCopyFilesBuildPhase section */

/* Begin PBXFileReference section */
		41362219262ABB23006AEF53 /* UsageController.swift */ = {isa = PBXFileReference; lastKnownFileType = sourcecode.swift; path = UsageController.swift; sourceTree = "<group>"; };
		4141892F2621AAD700CB7A3C /* Clipboard.swift */ = {isa = PBXFileReference; lastKnownFileType = sourcecode.swift; path = Clipboard.swift; sourceTree = "<group>"; };
		414189332621AC5800CB7A3C /* Analyzers.swift */ = {isa = PBXFileReference; lastKnownFileType = sourcecode.swift; path = Analyzers.swift; sourceTree = "<group>"; };
		4176904B2625F4FC0025A239 /* QuickZoomHelper.app */ = {isa = PBXFileReference; explicitFileType = wrapper.application; includeInIndex = 0; path = QuickZoomHelper.app; sourceTree = BUILT_PRODUCTS_DIR; };
		4176904D2625F4FC0025A239 /* AppDelegate.swift */ = {isa = PBXFileReference; lastKnownFileType = sourcecode.swift; path = AppDelegate.swift; sourceTree = "<group>"; };
		417690512625F4FD0025A239 /* Assets.xcassets */ = {isa = PBXFileReference; lastKnownFileType = folder.assetcatalog; path = Assets.xcassets; sourceTree = "<group>"; };
		417690542625F4FD0025A239 /* Base */ = {isa = PBXFileReference; lastKnownFileType = file.storyboard; name = Base; path = Base.lproj/Main.storyboard; sourceTree = "<group>"; };
		417690562625F4FD0025A239 /* Info.plist */ = {isa = PBXFileReference; lastKnownFileType = text.plist.xml; path = Info.plist; sourceTree = "<group>"; };
		417690572625F4FD0025A239 /* QuickZoomHelper.entitlements */ = {isa = PBXFileReference; lastKnownFileType = text.plist.entitlements; path = QuickZoomHelper.entitlements; sourceTree = "<group>"; };
		418D4C8B26219CFD005FB14A /* QuickZoom.app */ = {isa = PBXFileReference; explicitFileType = wrapper.application; includeInIndex = 0; path = QuickZoom.app; sourceTree = BUILT_PRODUCTS_DIR; };
		418D4C8E26219CFD005FB14A /* AppDelegate.swift */ = {isa = PBXFileReference; lastKnownFileType = sourcecode.swift; path = AppDelegate.swift; sourceTree = "<group>"; };
		418D4C9226219D00005FB14A /* Assets.xcassets */ = {isa = PBXFileReference; lastKnownFileType = folder.assetcatalog; path = Assets.xcassets; sourceTree = "<group>"; };
		418D4C9526219D00005FB14A /* Base */ = {isa = PBXFileReference; lastKnownFileType = file.storyboard; name = Base; path = Base.lproj/Main.storyboard; sourceTree = "<group>"; };
		418D4C9726219D00005FB14A /* Info.plist */ = {isa = PBXFileReference; lastKnownFileType = text.plist.xml; path = Info.plist; sourceTree = "<group>"; };
		418D4C9826219D00005FB14A /* QuickZoom.entitlements */ = {isa = PBXFileReference; lastKnownFileType = text.plist.entitlements; path = QuickZoom.entitlements; sourceTree = "<group>"; };
		41D53D68262AF06700B46399 /* preview.gif */ = {isa = PBXFileReference; lastKnownFileType = image.gif; path = preview.gif; sourceTree = "<group>"; };
		41EBAF882621B66200DD2CDC /* Extension+.swift */ = {isa = PBXFileReference; lastKnownFileType = sourcecode.swift; path = "Extension+.swift"; sourceTree = "<group>"; };
		41EBAF8E2621C7B600DD2CDC /* AppStore.swift */ = {isa = PBXFileReference; lastKnownFileType = sourcecode.swift; path = AppStore.swift; sourceTree = "<group>"; };
		41EBAF912621D99000DD2CDC /* About.swift */ = {isa = PBXFileReference; lastKnownFileType = sourcecode.swift; path = About.swift; sourceTree = "<group>"; };
		41EBAF9726231B7F00DD2CDC /* Alert.swift */ = {isa = PBXFileReference; lastKnownFileType = sourcecode.swift; path = Alert.swift; sourceTree = "<group>"; };
		41EBAF9C2625DCD800DD2CDC /* Const.swift */ = {isa = PBXFileReference; lastKnownFileType = sourcecode.swift; path = Const.swift; sourceTree = "<group>"; };
		41EBB0B42625F36D00DD2CDC /* ServiceManagement.framework */ = {isa = PBXFileReference; lastKnownFileType = wrapper.framework; name = ServiceManagement.framework; path = System/Library/Frameworks/ServiceManagement.framework; sourceTree = SDKROOT; };
/* End PBXFileReference section */

/* Begin PBXFrameworksBuildPhase section */
		417690482625F4FC0025A239 /* Frameworks */ = {
			isa = PBXFrameworksBuildPhase;
			buildActionMask = 2147483647;
			files = (
			);
			runOnlyForDeploymentPostprocessing = 0;
		};
		418D4C8826219CFD005FB14A /* Frameworks */ = {
			isa = PBXFrameworksBuildPhase;
			buildActionMask = 2147483647;
			files = (
				41EBB0B52625F36D00DD2CDC /* ServiceManagement.framework in Frameworks */,
			);
			runOnlyForDeploymentPostprocessing = 0;
		};
/* End PBXFrameworksBuildPhase section */

/* Begin PBXGroup section */
		4176904C2625F4FC0025A239 /* QuickZoomHelper */ = {
			isa = PBXGroup;
			children = (
				4176904D2625F4FC0025A239 /* AppDelegate.swift */,
				417690512625F4FD0025A239 /* Assets.xcassets */,
				417690532625F4FD0025A239 /* Main.storyboard */,
				417690562625F4FD0025A239 /* Info.plist */,
				417690572625F4FD0025A239 /* QuickZoomHelper.entitlements */,
			);
			path = QuickZoomHelper;
			sourceTree = "<group>";
		};
		418D4C8226219CFD005FB14A = {
			isa = PBXGroup;
			children = (
				418D4C8D26219CFD005FB14A /* QuickZoom */,
				4176904C2625F4FC0025A239 /* QuickZoomHelper */,
				418D4C8C26219CFD005FB14A /* Products */,
				41EBB0B32625F36D00DD2CDC /* Frameworks */,
			);
			sourceTree = "<group>";
		};
		418D4C8C26219CFD005FB14A /* Products */ = {
			isa = PBXGroup;
			children = (
				418D4C8B26219CFD005FB14A /* QuickZoom.app */,
				4176904B2625F4FC0025A239 /* QuickZoomHelper.app */,
			);
			name = Products;
			sourceTree = "<group>";
		};
		418D4C8D26219CFD005FB14A /* QuickZoom */ = {
			isa = PBXGroup;
			children = (
				418D4C8E26219CFD005FB14A /* AppDelegate.swift */,
				41362219262ABB23006AEF53 /* UsageController.swift */,
				4141892F2621AAD700CB7A3C /* Clipboard.swift */,
				414189332621AC5800CB7A3C /* Analyzers.swift */,
				41EBAF882621B66200DD2CDC /* Extension+.swift */,
				41EBAF8E2621C7B600DD2CDC /* AppStore.swift */,
				41EBAF912621D99000DD2CDC /* About.swift */,
				41EBAF9726231B7F00DD2CDC /* Alert.swift */,
				41EBAF9C2625DCD800DD2CDC /* Const.swift */,
				418D4C9226219D00005FB14A /* Assets.xcassets */,
				418D4C9426219D00005FB14A /* Main.storyboard */,
				418D4C9726219D00005FB14A /* Info.plist */,
				41D53D68262AF06700B46399 /* preview.gif */,
				418D4C9826219D00005FB14A /* QuickZoom.entitlements */,
			);
			path = QuickZoom;
			sourceTree = "<group>";
		};
		41EBB0B32625F36D00DD2CDC /* Frameworks */ = {
			isa = PBXGroup;
			children = (
				41EBB0B42625F36D00DD2CDC /* ServiceManagement.framework */,
			);
			name = Frameworks;
			sourceTree = "<group>";
		};
/* End PBXGroup section */

/* Begin PBXNativeTarget section */
		4176904A2625F4FC0025A239 /* QuickZoomHelper */ = {
			isa = PBXNativeTarget;
			buildConfigurationList = 4176905A2625F4FD0025A239 /* Build configuration list for PBXNativeTarget "QuickZoomHelper" */;
			buildPhases = (
				417690472625F4FC0025A239 /* Sources */,
				417690482625F4FC0025A239 /* Frameworks */,
				417690492625F4FC0025A239 /* Resources */,
			);
			buildRules = (
			);
			dependencies = (
			);
			name = QuickZoomHelper;
			productName = QuickZoomHelper;
			productReference = 4176904B2625F4FC0025A239 /* QuickZoomHelper.app */;
			productType = "com.apple.product-type.application";
		};
		418D4C8A26219CFD005FB14A /* QuickZoom */ = {
			isa = PBXNativeTarget;
			buildConfigurationList = 418D4C9B26219D00005FB14A /* Build configuration list for PBXNativeTarget "QuickZoom" */;
			buildPhases = (
				418D4C8726219CFD005FB14A /* Sources */,
				418D4C8826219CFD005FB14A /* Frameworks */,
				418D4C8926219CFD005FB14A /* Resources */,
				41EBAFBC2625EDCE00DD2CDC /* Embed App Extensions */,
				41EBB0B22625F31A00DD2CDC /* CopyFiles */,
			);
			buildRules = (
			);
			dependencies = (
			);
			name = QuickZoom;
			productName = QuickZoom;
			productReference = 418D4C8B26219CFD005FB14A /* QuickZoom.app */;
			productType = "com.apple.product-type.application";
		};
/* End PBXNativeTarget section */

/* Begin PBXProject section */
		418D4C8326219CFD005FB14A /* Project object */ = {
			isa = PBXProject;
			attributes = {
				LastSwiftUpdateCheck = 1240;
				LastUpgradeCheck = 1240;
				TargetAttributes = {
					4176904A2625F4FC0025A239 = {
						CreatedOnToolsVersion = 12.4;
					};
					418D4C8A26219CFD005FB14A = {
						CreatedOnToolsVersion = 12.4;
					};
				};
			};
			buildConfigurationList = 418D4C8626219CFD005FB14A /* Build configuration list for PBXProject "QuickZoom" */;
			compatibilityVersion = "Xcode 9.3";
			developmentRegion = en;
			hasScannedForEncodings = 0;
			knownRegions = (
				en,
				Base,
			);
			mainGroup = 418D4C8226219CFD005FB14A;
			productRefGroup = 418D4C8C26219CFD005FB14A /* Products */;
			projectDirPath = "";
			projectRoot = "";
			targets = (
				418D4C8A26219CFD005FB14A /* QuickZoom */,
				4176904A2625F4FC0025A239 /* QuickZoomHelper */,
			);
		};
/* End PBXProject section */

/* Begin PBXResourcesBuildPhase section */
		417690492625F4FC0025A239 /* Resources */ = {
			isa = PBXResourcesBuildPhase;
			buildActionMask = 2147483647;
			files = (
				417690522625F4FD0025A239 /* Assets.xcassets in Resources */,
				417690552625F4FD0025A239 /* Main.storyboard in Resources */,
			);
			runOnlyForDeploymentPostprocessing = 0;
		};
		418D4C8926219CFD005FB14A /* Resources */ = {
			isa = PBXResourcesBuildPhase;
			buildActionMask = 2147483647;
			files = (
				418D4C9326219D00005FB14A /* Assets.xcassets in Resources */,
				418D4C9626219D00005FB14A /* Main.storyboard in Resources */,
				41D53D69262AF06700B46399 /* preview.gif in Resources */,
			);
			runOnlyForDeploymentPostprocessing = 0;
		};
/* End PBXResourcesBuildPhase section */

/* Begin PBXSourcesBuildPhase section */
		417690472625F4FC0025A239 /* Sources */ = {
			isa = PBXSourcesBuildPhase;
			buildActionMask = 2147483647;
			files = (
				4176904E2625F4FC0025A239 /* AppDelegate.swift in Sources */,
			);
			runOnlyForDeploymentPostprocessing = 0;
		};
		418D4C8726219CFD005FB14A /* Sources */ = {
			isa = PBXSourcesBuildPhase;
			buildActionMask = 2147483647;
			files = (
				41EBAF9826231B7F00DD2CDC /* Alert.swift in Sources */,
				41EBAF892621B66200DD2CDC /* Extension+.swift in Sources */,
				4136221A262ABB23006AEF53 /* UsageController.swift in Sources */,
				414189302621AAD700CB7A3C /* Clipboard.swift in Sources */,
				414189342621AC5800CB7A3C /* Analyzers.swift in Sources */,
				418D4C8F26219CFD005FB14A /* AppDelegate.swift in Sources */,
				41EBAF922621D99000DD2CDC /* About.swift in Sources */,
				41EBAF8F2621C7B600DD2CDC /* AppStore.swift in Sources */,
				41EBAF9D2625DCD800DD2CDC /* Const.swift in Sources */,
			);
			runOnlyForDeploymentPostprocessing = 0;
		};
/* End PBXSourcesBuildPhase section */

/* Begin PBXVariantGroup section */
		417690532625F4FD0025A239 /* Main.storyboard */ = {
			isa = PBXVariantGroup;
			children = (
				417690542625F4FD0025A239 /* Base */,
			);
			name = Main.storyboard;
			sourceTree = "<group>";
		};
		418D4C9426219D00005FB14A /* Main.storyboard */ = {
			isa = PBXVariantGroup;
			children = (
				418D4C9526219D00005FB14A /* Base */,
			);
			name = Main.storyboard;
			sourceTree = "<group>";
		};
/* End PBXVariantGroup section */

/* Begin XCBuildConfiguration section */
		417690582625F4FD0025A239 /* Debug */ = {
			isa = XCBuildConfiguration;
			buildSettings = {
				ASSETCATALOG_COMPILER_APPICON_NAME = AppIcon;
				ASSETCATALOG_COMPILER_GLOBAL_ACCENT_COLOR_NAME = AccentColor;
				CODE_SIGN_ENTITLEMENTS = QuickZoomHelper/QuickZoomHelper.entitlements;
				CODE_SIGN_STYLE = Automatic;
				COMBINE_HIDPI_IMAGES = YES;
				INFOPLIST_FILE = QuickZoomHelper/Info.plist;
				LD_RUNPATH_SEARCH_PATHS = (
					"$(inherited)",
					"@executable_path/../Frameworks",
				);
				MACOSX_DEPLOYMENT_TARGET = 10.14;
				PRODUCT_BUNDLE_IDENTIFIER = com.null.quickZoomHelper;
				PRODUCT_NAME = "$(TARGET_NAME)";
				SKIP_INSTALL = YES;
				SWIFT_VERSION = 5.0;
			};
			name = Debug;
		};
		417690592625F4FD0025A239 /* Release */ = {
			isa = XCBuildConfiguration;
			buildSettings = {
				ASSETCATALOG_COMPILER_APPICON_NAME = AppIcon;
				ASSETCATALOG_COMPILER_GLOBAL_ACCENT_COLOR_NAME = AccentColor;
				CODE_SIGN_ENTITLEMENTS = QuickZoomHelper/QuickZoomHelper.entitlements;
				CODE_SIGN_STYLE = Automatic;
				COMBINE_HIDPI_IMAGES = YES;
				INFOPLIST_FILE = QuickZoomHelper/Info.plist;
				LD_RUNPATH_SEARCH_PATHS = (
					"$(inherited)",
					"@executable_path/../Frameworks",
				);
				MACOSX_DEPLOYMENT_TARGET = 10.14;
				PRODUCT_BUNDLE_IDENTIFIER = com.null.quickZoomHelper;
				PRODUCT_NAME = "$(TARGET_NAME)";
				SKIP_INSTALL = YES;
				SWIFT_VERSION = 5.0;
			};
			name = Release;
		};
		418D4C9926219D00005FB14A /* Debug */ = {
			isa = XCBuildConfiguration;
			buildSettings = {
				ALWAYS_SEARCH_USER_PATHS = NO;
				CLANG_ANALYZER_NONNULL = YES;
				CLANG_ANALYZER_NUMBER_OBJECT_CONVERSION = YES_AGGRESSIVE;
				CLANG_CXX_LANGUAGE_STANDARD = "gnu++14";
				CLANG_CXX_LIBRARY = "libc++";
				CLANG_ENABLE_MODULES = YES;
				CLANG_ENABLE_OBJC_ARC = YES;
				CLANG_ENABLE_OBJC_WEAK = YES;
				CLANG_WARN_BLOCK_CAPTURE_AUTORELEASING = YES;
				CLANG_WARN_BOOL_CONVERSION = YES;
				CLANG_WARN_COMMA = YES;
				CLANG_WARN_CONSTANT_CONVERSION = YES;
				CLANG_WARN_DEPRECATED_OBJC_IMPLEMENTATIONS = YES;
				CLANG_WARN_DIRECT_OBJC_ISA_USAGE = YES_ERROR;
				CLANG_WARN_DOCUMENTATION_COMMENTS = YES;
				CLANG_WARN_EMPTY_BODY = YES;
				CLANG_WARN_ENUM_CONVERSION = YES;
				CLANG_WARN_INFINITE_RECURSION = YES;
				CLANG_WARN_INT_CONVERSION = YES;
				CLANG_WARN_NON_LITERAL_NULL_CONVERSION = YES;
				CLANG_WARN_OBJC_IMPLICIT_RETAIN_SELF = YES;
				CLANG_WARN_OBJC_LITERAL_CONVERSION = YES;
				CLANG_WARN_OBJC_ROOT_CLASS = YES_ERROR;
				CLANG_WARN_QUOTED_INCLUDE_IN_FRAMEWORK_HEADER = YES;
				CLANG_WARN_RANGE_LOOP_ANALYSIS = YES;
				CLANG_WARN_STRICT_PROTOTYPES = YES;
				CLANG_WARN_SUSPICIOUS_MOVE = YES;
				CLANG_WARN_UNGUARDED_AVAILABILITY = YES_AGGRESSIVE;
				CLANG_WARN_UNREACHABLE_CODE = YES;
				CLANG_WARN__DUPLICATE_METHOD_MATCH = YES;
				COPY_PHASE_STRIP = NO;
				DEBUG_INFORMATION_FORMAT = dwarf;
				ENABLE_STRICT_OBJC_MSGSEND = YES;
				ENABLE_TESTABILITY = YES;
				GCC_C_LANGUAGE_STANDARD = gnu11;
				GCC_DYNAMIC_NO_PIC = NO;
				GCC_NO_COMMON_BLOCKS = YES;
				GCC_OPTIMIZATION_LEVEL = 0;
				GCC_PREPROCESSOR_DEFINITIONS = (
					"DEBUG=1",
					"$(inherited)",
				);
				GCC_WARN_64_TO_32_BIT_CONVERSION = YES;
				GCC_WARN_ABOUT_RETURN_TYPE = YES_ERROR;
				GCC_WARN_UNDECLARED_SELECTOR = YES;
				GCC_WARN_UNINITIALIZED_AUTOS = YES_AGGRESSIVE;
				GCC_WARN_UNUSED_FUNCTION = YES;
				GCC_WARN_UNUSED_VARIABLE = YES;
				MACOSX_DEPLOYMENT_TARGET = 10.14;
				MTL_ENABLE_DEBUG_INFO = INCLUDE_SOURCE;
				MTL_FAST_MATH = YES;
				ONLY_ACTIVE_ARCH = YES;
				SDKROOT = macosx;
				SWIFT_ACTIVE_COMPILATION_CONDITIONS = DEBUG;
				SWIFT_OPTIMIZATION_LEVEL = "-Onone";
			};
			name = Debug;
		};
		418D4C9A26219D00005FB14A /* Release */ = {
			isa = XCBuildConfiguration;
			buildSettings = {
				ALWAYS_SEARCH_USER_PATHS = NO;
				CLANG_ANALYZER_NONNULL = YES;
				CLANG_ANALYZER_NUMBER_OBJECT_CONVERSION = YES_AGGRESSIVE;
				CLANG_CXX_LANGUAGE_STANDARD = "gnu++14";
				CLANG_CXX_LIBRARY = "libc++";
				CLANG_ENABLE_MODULES = YES;
				CLANG_ENABLE_OBJC_ARC = YES;
				CLANG_ENABLE_OBJC_WEAK = YES;
				CLANG_WARN_BLOCK_CAPTURE_AUTORELEASING = YES;
				CLANG_WARN_BOOL_CONVERSION = YES;
				CLANG_WARN_COMMA = YES;
				CLANG_WARN_CONSTANT_CONVERSION = YES;
				CLANG_WARN_DEPRECATED_OBJC_IMPLEMENTATIONS = YES;
				CLANG_WARN_DIRECT_OBJC_ISA_USAGE = YES_ERROR;
				CLANG_WARN_DOCUMENTATION_COMMENTS = YES;
				CLANG_WARN_EMPTY_BODY = YES;
				CLANG_WARN_ENUM_CONVERSION = YES;
				CLANG_WARN_INFINITE_RECURSION = YES;
				CLANG_WARN_INT_CONVERSION = YES;
				CLANG_WARN_NON_LITERAL_NULL_CONVERSION = YES;
				CLANG_WARN_OBJC_IMPLICIT_RETAIN_SELF = YES;
				CLANG_WARN_OBJC_LITERAL_CONVERSION = YES;
				CLANG_WARN_OBJC_ROOT_CLASS = YES_ERROR;
				CLANG_WARN_QUOTED_INCLUDE_IN_FRAMEWORK_HEADER = YES;
				CLANG_WARN_RANGE_LOOP_ANALYSIS = YES;
				CLANG_WARN_STRICT_PROTOTYPES = YES;
				CLANG_WARN_SUSPICIOUS_MOVE = YES;
				CLANG_WARN_UNGUARDED_AVAILABILITY = YES_AGGRESSIVE;
				CLANG_WARN_UNREACHABLE_CODE = YES;
				CLANG_WARN__DUPLICATE_METHOD_MATCH = YES;
				COPY_PHASE_STRIP = NO;
				DEBUG_INFORMATION_FORMAT = "dwarf-with-dsym";
				ENABLE_NS_ASSERTIONS = NO;
				ENABLE_STRICT_OBJC_MSGSEND = YES;
				GCC_C_LANGUAGE_STANDARD = gnu11;
				GCC_NO_COMMON_BLOCKS = YES;
				GCC_WARN_64_TO_32_BIT_CONVERSION = YES;
				GCC_WARN_ABOUT_RETURN_TYPE = YES_ERROR;
				GCC_WARN_UNDECLARED_SELECTOR = YES;
				GCC_WARN_UNINITIALIZED_AUTOS = YES_AGGRESSIVE;
				GCC_WARN_UNUSED_FUNCTION = YES;
				GCC_WARN_UNUSED_VARIABLE = YES;
				MACOSX_DEPLOYMENT_TARGET = 10.14;
				MTL_ENABLE_DEBUG_INFO = NO;
				MTL_FAST_MATH = YES;
				SDKROOT = macosx;
				SWIFT_COMPILATION_MODE = wholemodule;
				SWIFT_OPTIMIZATION_LEVEL = "-O";
			};
			name = Release;
		};
		418D4C9C26219D00005FB14A /* Debug */ = {
			isa = XCBuildConfiguration;
			buildSettings = {
				ALWAYS_EMBED_SWIFT_STANDARD_LIBRARIES = YES;
				ASSETCATALOG_COMPILER_APPICON_NAME = AppIcon;
				ASSETCATALOG_COMPILER_GLOBAL_ACCENT_COLOR_NAME = AccentColor;
				CODE_SIGN_ENTITLEMENTS = QuickZoom/QuickZoom.entitlements;
				CODE_SIGN_STYLE = Automatic;
				COMBINE_HIDPI_IMAGES = YES;
				CURRENT_PROJECT_VERSION = 10;
				INFOPLIST_FILE = QuickZoom/Info.plist;
				LD_RUNPATH_SEARCH_PATHS = (
					"$(inherited)",
					"@executable_path/../Frameworks",
				);
				MACOSX_DEPLOYMENT_TARGET = 10.14;
				MARKETING_VERSION = 1.1;
				PRODUCT_BUNDLE_IDENTIFIER = com.null.quickZoom;
				PRODUCT_NAME = "$(TARGET_NAME)";
				SWIFT_VERSION = 5.0;
			};
			name = Debug;
		};
		418D4C9D26219D00005FB14A /* Release */ = {
			isa = XCBuildConfiguration;
			buildSettings = {
				ALWAYS_EMBED_SWIFT_STANDARD_LIBRARIES = YES;
				ASSETCATALOG_COMPILER_APPICON_NAME = AppIcon;
				ASSETCATALOG_COMPILER_GLOBAL_ACCENT_COLOR_NAME = AccentColor;
				CODE_SIGN_ENTITLEMENTS = QuickZoom/QuickZoom.entitlements;
				CODE_SIGN_STYLE = Automatic;
				COMBINE_HIDPI_IMAGES = YES;
				CURRENT_PROJECT_VERSION = 10;
				INFOPLIST_FILE = QuickZoom/Info.plist;
				LD_RUNPATH_SEARCH_PATHS = (
					"$(inherited)",
					"@executable_path/../Frameworks",
				);
				MACOSX_DEPLOYMENT_TARGET = 10.14;
				MARKETING_VERSION = 1.1;
				PRODUCT_BUNDLE_IDENTIFIER = com.null.quickZoom;
				PRODUCT_NAME = "$(TARGET_NAME)";
				SWIFT_VERSION = 5.0;
			};
			name = Release;
		};
/* End XCBuildConfiguration section */

/* Begin XCConfigurationList section */
		4176905A2625F4FD0025A239 /* Build configuration list for PBXNativeTarget "QuickZoomHelper" */ = {
			isa = XCConfigurationList;
			buildConfigurations = (
				417690582625F4FD0025A239 /* Debug */,
				417690592625F4FD0025A239 /* Release */,
			);
			defaultConfigurationIsVisible = 0;
			defaultConfigurationName = Release;
		};
		418D4C8626219CFD005FB14A /* Build configuration list for PBXProject "QuickZoom" */ = {
			isa = XCConfigurationList;
			buildConfigurations = (
				418D4C9926219D00005FB14A /* Debug */,
				418D4C9A26219D00005FB14A /* Release */,
			);
			defaultConfigurationIsVisible = 0;
			defaultConfigurationName = Release;
		};
		418D4C9B26219D00005FB14A /* Build configuration list for PBXNativeTarget "QuickZoom" */ = {
			isa = XCConfigurationList;
			buildConfigurations = (
				418D4C9C26219D00005FB14A /* Debug */,
				418D4C9D26219D00005FB14A /* Release */,
			);
			defaultConfigurationIsVisible = 0;
			defaultConfigurationName = Release;
		};
/* End XCConfigurationList section */
	};
	rootObject = 418D4C8326219CFD005FB14A /* Project object */;
}
